
Microsoft Visual Studio Solution File, Format Version 12.00
# Visual Studio Version 17
VisualStudioVersion = 17.9.34714.143
MinimumVisualStudioVersion = 10.0.40219.1
Project("{FAE04EC0-301F-11D3-BF4B-00C04F79EFBC}") = "INTEX2", "INTEX2\INTEX2.csproj", "{D975AEBA-36ED-45A6-B2DB-10642C57F408}"
EndProject
Global
	GlobalSection(SolutionConfigurationPlatforms) = preSolution
		Debug|Any CPU = Debug|Any CPU
		Release|Any CPU = Release|Any CPU
	EndGlobalSection
	GlobalSection(ProjectConfigurationPlatforms) = postSolution
		{D975AEBA-36ED-45A6-B2DB-10642C57F408}.Debug|Any CPU.ActiveCfg = Debug|Any CPU
		{D975AEBA-36ED-45A6-B2DB-10642C57F408}.Debug|Any CPU.Build.0 = Debug|Any CPU
		{D975AEBA-36ED-45A6-B2DB-10642C57F408}.Release|Any CPU.ActiveCfg = Release|Any CPU
		{D975AEBA-36ED-45A6-B2DB-10642C57F408}.Release|Any CPU.Build.0 = Release|Any CPU
	EndGlobalSection
	GlobalSection(SolutionProperties) = preSolution
		HideSolutionNode = FALSE
	EndGlobalSection
	GlobalSection(ExtensibilityGlobals) = postSolution
		SolutionGuid = {BE91B4D8-CD35-43AB-BE01-E489E74B44E8}
	EndGlobalSection
EndGlobal
